// !$*UTF8*$!
{
	archiveVersion = 1;
	classes = {
	};
	objectVersion = 50;
	objects = {

/* Begin PBXBuildFile section */
		534237CD214D6F6C00599E2D /* CryptoCell.swift in Sources */ = {isa = PBXBuildFile; fileRef = 534237CC214D6F6C00599E2D /* CryptoCell.swift */; };
		534237CF214D70DC00599E2D /* CryptoCurrency.swift in Sources */ = {isa = PBXBuildFile; fileRef = 534237CE214D70DC00599E2D /* CryptoCurrency.swift */; };
		534237D2214D749F00599E2D /* DataService.swift in Sources */ = {isa = PBXBuildFile; fileRef = 534237D1214D749F00599E2D /* DataService.swift */; };
		534237D4214D82D800599E2D /* CryptoCompareApi.swift in Sources */ = {isa = PBXBuildFile; fileRef = 534237D3214D82D800599E2D /* CryptoCompareApi.swift */; };
		534237D6214D842D00599E2D /* CryptoValue.swift in Sources */ = {isa = PBXBuildFile; fileRef = 534237D5214D842D00599E2D /* CryptoValue.swift */; };
		53C3AC73214D580800EF0AB3 /* AppDelegate.swift in Sources */ = {isa = PBXBuildFile; fileRef = 53C3AC72214D580800EF0AB3 /* AppDelegate.swift */; };
		53C3AC75214D580800EF0AB3 /* MainVC.swift in Sources */ = {isa = PBXBuildFile; fileRef = 53C3AC74214D580800EF0AB3 /* MainVC.swift */; };
		53C3AC78214D580800EF0AB3 /* Main.storyboard in Resources */ = {isa = PBXBuildFile; fileRef = 53C3AC76214D580800EF0AB3 /* Main.storyboard */; };
		53C3AC7A214D580D00EF0AB3 /* Assets.xcassets in Resources */ = {isa = PBXBuildFile; fileRef = 53C3AC79214D580D00EF0AB3 /* Assets.xcassets */; };
		9E553742516F9E1A4CE1D949 /* Pods_CryptoCurrency.framework in Frameworks */ = {isa = PBXBuildFile; fileRef = 036DE3A2A1A30B5FCF6CDC74 /* Pods_CryptoCurrency.framework */; };
/* End PBXBuildFile section */

/* Begin PBXFileReference section */
		036DE3A2A1A30B5FCF6CDC74 /* Pods_CryptoCurrency.framework */ = {isa = PBXFileReference; explicitFileType = wrapper.framework; includeInIndex = 0; path = Pods_CryptoCurrency.framework; sourceTree = BUILT_PRODUCTS_DIR; };
		30E373DFC7E1B200C60FFC42 /* Pods-CryptoCurrency.release.xcconfig */ = {isa = PBXFileReference; includeInIndex = 1; lastKnownFileType = text.xcconfig; name = "Pods-CryptoCurrency.release.xcconfig"; path = "Pods/Target Support Files/Pods-CryptoCurrency/Pods-CryptoCurrency.release.xcconfig"; sourceTree = "<group>"; };
		534237CC214D6F6C00599E2D /* CryptoCell.swift */ = {isa = PBXFileReference; lastKnownFileType = sourcecode.swift; path = CryptoCell.swift; sourceTree = "<group>"; };
		534237CE214D70DC00599E2D /* CryptoCurrency.swift */ = {isa = PBXFileReference; lastKnownFileType = sourcecode.swift; path = CryptoCurrency.swift; sourceTree = "<group>"; };
		534237D1214D749F00599E2D /* DataService.swift */ = {isa = PBXFileReference; lastKnownFileType = sourcecode.swift; path = DataService.swift; sourceTree = "<group>"; };
		534237D3214D82D800599E2D /* CryptoCompareApi.swift */ = {isa = PBXFileReference; lastKnownFileType = sourcecode.swift; path = CryptoCompareApi.swift; sourceTree = "<group>"; };
		534237D5214D842D00599E2D /* CryptoValue.swift */ = {isa = PBXFileReference; lastKnownFileType = sourcecode.swift; path = CryptoValue.swift; sourceTree = "<group>"; };
		53C3AC6F214D580800EF0AB3 /* CryptoCurrency.app */ = {isa = PBXFileReference; explicitFileType = wrapper.application; includeInIndex = 0; path = CryptoCurrency.app; sourceTree = BUILT_PRODUCTS_DIR; };
		53C3AC72214D580800EF0AB3 /* AppDelegate.swift */ = {isa = PBXFileReference; lastKnownFileType = sourcecode.swift; path = AppDelegate.swift; sourceTree = "<group>"; };
		53C3AC74214D580800EF0AB3 /* MainVC.swift */ = {isa = PBXFileReference; lastKnownFileType = sourcecode.swift; path = MainVC.swift; sourceTree = "<group>"; };
		53C3AC77214D580800EF0AB3 /* Base */ = {isa = PBXFileReference; lastKnownFileType = file.storyboard; name = Base; path = Base.lproj/Main.storyboard; sourceTree = "<group>"; };
		53C3AC79214D580D00EF0AB3 /* Assets.xcassets */ = {isa = PBXFileReference; lastKnownFileType = folder.assetcatalog; path = Assets.xcassets; sourceTree = "<group>"; };
		53C3AC7B214D580D00EF0AB3 /* Info.plist */ = {isa = PBXFileReference; lastKnownFileType = text.plist.xml; path = Info.plist; sourceTree = "<group>"; };
		E7688E46A5947BC20592BF63 /* Pods-CryptoCurrency.debug.xcconfig */ = {isa = PBXFileReference; includeInIndex = 1; lastKnownFileType = text.xcconfig; name = "Pods-CryptoCurrency.debug.xcconfig"; path = "Pods/Target Support Files/Pods-CryptoCurrency/Pods-CryptoCurrency.debug.xcconfig"; sourceTree = "<group>"; };
/* End PBXFileReference section */

/* Begin PBXFrameworksBuildPhase section */
		53C3AC6C214D580800EF0AB3 /* Frameworks */ = {
			isa = PBXFrameworksBuildPhase;
			buildActionMask = 2147483647;
			files = (
				9E553742516F9E1A4CE1D949 /* Pods_CryptoCurrency.framework in Frameworks */,
			);
			runOnlyForDeploymentPostprocessing = 0;
		};
/* End PBXFrameworksBuildPhase section */

/* Begin PBXGroup section */
		534237C9214D6F3800599E2D /* Controller */ = {
			isa = PBXGroup;
			children = (
				53C3AC74214D580800EF0AB3 /* MainVC.swift */,
			);
			path = Controller;
			sourceTree = "<group>";
		};
		534237CA214D6F4400599E2D /* View */ = {
			isa = PBXGroup;
			children = (
				534237CC214D6F6C00599E2D /* CryptoCell.swift */,
			);
			path = View;
			sourceTree = "<group>";
		};
		534237CB214D6F4B00599E2D /* Model */ = {
			isa = PBXGroup;
			children = (
				534237CE214D70DC00599E2D /* CryptoCurrency.swift */,
				534237D5214D842D00599E2D /* CryptoValue.swift */,
			);
			path = Model;
			sourceTree = "<group>";
		};
		534237D0214D749000599E2D /* Services */ = {
			isa = PBXGroup;
			children = (
				534237D1214D749F00599E2D /* DataService.swift */,
				534237D3214D82D800599E2D /* CryptoCompareApi.swift */,
			);
			path = Services;
			sourceTree = "<group>";
		};
		53C3AC66214D580800EF0AB3 = {
			isa = PBXGroup;
			children = (
				53C3AC71214D580800EF0AB3 /* CryptoCurrency */,
				53C3AC70214D580800EF0AB3 /* Products */,
				817449BC44934235CBA0F44F /* Pods */,
				F16EACB25719CE18E918B98F /* Frameworks */,
			);
			sourceTree = "<group>";
		};
		53C3AC70214D580800EF0AB3 /* Products */ = {
			isa = PBXGroup;
			children = (
				53C3AC6F214D580800EF0AB3 /* CryptoCurrency.app */,
			);
			name = Products;
			sourceTree = "<group>";
		};
		53C3AC71214D580800EF0AB3 /* CryptoCurrency */ = {
			isa = PBXGroup;
			children = (
				534237D0214D749000599E2D /* Services */,
				534237CB214D6F4B00599E2D /* Model */,
				534237CA214D6F4400599E2D /* View */,
				534237C9214D6F3800599E2D /* Controller */,
				53C3AC72214D580800EF0AB3 /* AppDelegate.swift */,
				53C3AC76214D580800EF0AB3 /* Main.storyboard */,
				53C3AC79214D580D00EF0AB3 /* Assets.xcassets */,
				53C3AC7B214D580D00EF0AB3 /* Info.plist */,
			);
			path = CryptoCurrency;
			sourceTree = "<group>";
		};
		817449BC44934235CBA0F44F /* Pods */ = {
			isa = PBXGroup;
			children = (
				E7688E46A5947BC20592BF63 /* Pods-CryptoCurrency.debug.xcconfig */,
				30E373DFC7E1B200C60FFC42 /* Pods-CryptoCurrency.release.xcconfig */,
			);
			name = Pods;
			sourceTree = "<group>";
		};
		F16EACB25719CE18E918B98F /* Frameworks */ = {
			isa = PBXGroup;
			children = (
				036DE3A2A1A30B5FCF6CDC74 /* Pods_CryptoCurrency.framework */,
			);
			name = Frameworks;
			sourceTree = "<group>";
		};
/* End PBXGroup section */

/* Begin PBXNativeTarget section */
		53C3AC6E214D580800EF0AB3 /* CryptoCurrency */ = {
			isa = PBXNativeTarget;
			buildConfigurationList = 53C3AC7E214D580D00EF0AB3 /* Build configuration list for PBXNativeTarget "CryptoCurrency" */;
			buildPhases = (
				D951A2CA2110883E36B57C22 /* [CP] Check Pods Manifest.lock */,
				53C3AC6B214D580800EF0AB3 /* Sources */,
				53C3AC6C214D580800EF0AB3 /* Frameworks */,
				53C3AC6D214D580800EF0AB3 /* Resources */,
				BB3C82FEC01D84B4CBD1542A /* [CP] Embed Pods Frameworks */,
			);
			buildRules = (
			);
			dependencies = (
			);
			name = CryptoCurrency;
			productName = CryptoCurrency;
			productReference = 53C3AC6F214D580800EF0AB3 /* CryptoCurrency.app */;
			productType = "com.apple.product-type.application";
		};
/* End PBXNativeTarget section */

/* Begin PBXProject section */
		53C3AC67214D580800EF0AB3 /* Project object */ = {
			isa = PBXProject;
			attributes = {
				LastSwiftUpdateCheck = 0940;
				LastUpgradeCheck = 0940;
				ORGANIZATIONNAME = "Sami Korpela";
				TargetAttributes = {
					53C3AC6E214D580800EF0AB3 = {
						CreatedOnToolsVersion = 9.4.1;
						LastSwiftMigration = 1000;
					};
				};
			};
			buildConfigurationList = 53C3AC6A214D580800EF0AB3 /* Build configuration list for PBXProject "CryptoCurrency" */;
			compatibilityVersion = "Xcode 9.3";
			developmentRegion = en;
			hasScannedForEncodings = 0;
			knownRegions = (
				en,
				Base,
			);
			mainGroup = 53C3AC66214D580800EF0AB3;
			productRefGroup = 53C3AC70214D580800EF0AB3 /* Products */;
			projectDirPath = "";
			projectRoot = "";
			targets = (
				53C3AC6E214D580800EF0AB3 /* CryptoCurrency */,
			);
		};
/* End PBXProject section */

/* Begin PBXResourcesBuildPhase section */
		53C3AC6D214D580800EF0AB3 /* Resources */ = {
			isa = PBXResourcesBuildPhase;
			buildActionMask = 2147483647;
			files = (
				53C3AC7A214D580D00EF0AB3 /* Assets.xcassets in Resources */,
				53C3AC78214D580800EF0AB3 /* Main.storyboard in Resources */,
			);
			runOnlyForDeploymentPostprocessing = 0;
		};
/* End PBXResourcesBuildPhase section */

/* Begin PBXShellScriptBuildPhase section */
		BB3C82FEC01D84B4CBD1542A /* [CP] Embed Pods Frameworks */ = {
			isa = PBXShellScriptBuildPhase;
			buildActionMask = 2147483647;
			files = (
			);
			inputPaths = (
				"${SRCROOT}/Pods/Target Support Files/Pods-CryptoCurrency/Pods-CryptoCurrency-frameworks.sh",
				"${BUILT_PRODUCTS_DIR}/Alamofire/Alamofire.framework",
				"${BUILT_PRODUCTS_DIR}/SwiftyJSON/SwiftyJSON.framework",
			);
			name = "[CP] Embed Pods Frameworks";
			outputPaths = (
				"${TARGET_BUILD_DIR}/${FRAMEWORKS_FOLDER_PATH}/Alamofire.framework",
				"${TARGET_BUILD_DIR}/${FRAMEWORKS_FOLDER_PATH}/SwiftyJSON.framework",
			);
			runOnlyForDeploymentPostprocessing = 0;
			shellPath = /bin/sh;
			shellScript = "\"${SRCROOT}/Pods/Target Support Files/Pods-CryptoCurrency/Pods-CryptoCurrency-frameworks.sh\"\n";
			showEnvVarsInLog = 0;
		};
		D951A2CA2110883E36B57C22 /* [CP] Check Pods Manifest.lock */ = {
			isa = PBXShellScriptBuildPhase;
			buildActionMask = 2147483647;
			files = (
			);
			inputPaths = (
				"${PODS_PODFILE_DIR_PATH}/Podfile.lock",
				"${PODS_ROOT}/Manifest.lock",
			);
			name = "[CP] Check Pods Manifest.lock";
			outputPaths = (
				"$(DERIVED_FILE_DIR)/Pods-CryptoCurrency-checkManifestLockResult.txt",
			);
			runOnlyForDeploymentPostprocessing = 0;
			shellPath = /bin/sh;
			shellScript = "diff \"${PODS_PODFILE_DIR_PATH}/Podfile.lock\" \"${PODS_ROOT}/Manifest.lock\" > /dev/null\nif [ $? != 0 ] ; then\n    # print error to STDERR\n    echo \"error: The sandbox is not in sync with the Podfile.lock. Run 'pod install' or update your CocoaPods installation.\" >&2\n    exit 1\nfi\n# This output is used by Xcode 'outputs' to avoid re-running this script phase.\necho \"SUCCESS\" > \"${SCRIPT_OUTPUT_FILE_0}\"\n";
			showEnvVarsInLog = 0;
		};
/* End PBXShellScriptBuildPhase section */

/* Begin PBXSourcesBuildPhase section */
		53C3AC6B214D580800EF0AB3 /* Sources */ = {
			isa = PBXSourcesBuildPhase;
			buildActionMask = 2147483647;
			files = (
				53C3AC75214D580800EF0AB3 /* MainVC.swift in Sources */,
				53C3AC73214D580800EF0AB3 /* AppDelegate.swift in Sources */,
				534237CD214D6F6C00599E2D /* CryptoCell.swift in Sources */,
				534237D4214D82D800599E2D /* CryptoCompareApi.swift in Sources */,
				534237D6214D842D00599E2D /* CryptoValue.swift in Sources */,
				534237CF214D70DC00599E2D /* CryptoCurrency.swift in Sources */,
				534237D2214D749F00599E2D /* DataService.swift in Sources */,
			);
			runOnlyForDeploymentPostprocessing = 0;
		};
/* End PBXSourcesBuildPhase section */

/* Begin PBXVariantGroup section */
		53C3AC76214D580800EF0AB3 /* Main.storyboard */ = {
			isa = PBXVariantGroup;
			children = (
				53C3AC77214D580800EF0AB3 /* Base */,
			);
			name = Main.storyboard;
			sourceTree = "<group>";
		};
/* End PBXVariantGroup section */

/* Begin XCBuildConfiguration section */
		53C3AC7C214D580D00EF0AB3 /* Debug */ = {
			isa = XCBuildConfiguration;
			buildSettings = {
				ALWAYS_SEARCH_USER_PATHS = NO;
				CLANG_ANALYZER_NONNULL = YES;
				CLANG_ANALYZER_NUMBER_OBJECT_CONVERSION = YES_AGGRESSIVE;
				CLANG_CXX_LANGUAGE_STANDARD = "gnu++14";
				CLANG_CXX_LIBRARY = "libc++";
				CLANG_ENABLE_MODULES = YES;
				CLANG_ENABLE_OBJC_ARC = YES;
				CLANG_ENABLE_OBJC_WEAK = YES;
				CLANG_WARN_BLOCK_CAPTURE_AUTORELEASING = YES;
				CLANG_WARN_BOOL_CONVERSION = YES;
				CLANG_WARN_COMMA = YES;
				CLANG_WARN_CONSTANT_CONVERSION = YES;
				CLANG_WARN_DEPRECATED_OBJC_IMPLEMENTATIONS = YES;
				CLANG_WARN_DIRECT_OBJC_ISA_USAGE = YES_ERROR;
				CLANG_WARN_DOCUMENTATION_COMMENTS = YES;
				CLANG_WARN_EMPTY_BODY = YES;
				CLANG_WARN_ENUM_CONVERSION = YES;
				CLANG_WARN_INFINITE_RECURSION = YES;
				CLANG_WARN_INT_CONVERSION = YES;
				CLANG_WARN_NON_LITERAL_NULL_CONVERSION = YES;
				CLANG_WARN_OBJC_IMPLICIT_RETAIN_SELF = YES;
				CLANG_WARN_OBJC_LITERAL_CONVERSION = YES;
				CLANG_WARN_OBJC_ROOT_CLASS = YES_ERROR;
				CLANG_WARN_RANGE_LOOP_ANALYSIS = YES;
				CLANG_WARN_STRICT_PROTOTYPES = YES;
				CLANG_WARN_SUSPICIOUS_MOVE = YES;
				CLANG_WARN_UNGUARDED_AVAILABILITY = YES_AGGRESSIVE;
				CLANG_WARN_UNREACHABLE_CODE = YES;
				CLANG_WARN__DUPLICATE_METHOD_MATCH = YES;
				COPY_PHASE_STRIP = NO;
				DEBUG_INFORMATION_FORMAT = dwarf;
				ENABLE_STRICT_OBJC_MSGSEND = YES;
				ENABLE_TESTABILITY = YES;
				GCC_C_LANGUAGE_STANDARD = gnu11;
				GCC_DYNAMIC_NO_PIC = NO;
				GCC_NO_COMMON_BLOCKS = YES;
				GCC_OPTIMIZATION_LEVEL = 0;
				GCC_PREPROCESSOR_DEFINITIONS = (
					"DEBUG=1",
					"$(inherited)",
				);
				GCC_WARN_64_TO_32_BIT_CONVERSION = YES;
				GCC_WARN_ABOUT_RETURN_TYPE = YES_ERROR;
				GCC_WARN_UNDECLARED_SELECTOR = YES;
				GCC_WARN_UNINITIALIZED_AUTOS = YES_AGGRESSIVE;
				GCC_WARN_UNUSED_FUNCTION = YES;
				GCC_WARN_UNUSED_VARIABLE = YES;
				MTL_ENABLE_DEBUG_INFO = YES;
				ONLY_ACTIVE_ARCH = YES;
				SDKROOT = appletvos;
				SWIFT_ACTIVE_COMPILATION_CONDITIONS = DEBUG;
				SWIFT_OPTIMIZATION_LEVEL = "-Onone";
				TVOS_DEPLOYMENT_TARGET = 11.4;
			};
			name = Debug;
		};
		53C3AC7D214D580D00EF0AB3 /* Release */ = {
			isa = XCBuildConfiguration;
			buildSettings = {
				ALWAYS_SEARCH_USER_PATHS = NO;
				CLANG_ANALYZER_NONNULL = YES;
				CLANG_ANALYZER_NUMBER_OBJECT_CONVERSION = YES_AGGRESSIVE;
				CLANG_CXX_LANGUAGE_STANDARD = "gnu++14";
				CLANG_CXX_LIBRARY = "libc++";
				CLANG_ENABLE_MODULES = YES;
				CLANG_ENABLE_OBJC_ARC = YES;
				CLANG_ENABLE_OBJC_WEAK = YES;
				CLANG_WARN_BLOCK_CAPTURE_AUTORELEASING = YES;
				CLANG_WARN_BOOL_CONVERSION = YES;
				CLANG_WARN_COMMA = YES;
				CLANG_WARN_CONSTANT_CONVERSION = YES;
				CLANG_WARN_DEPRECATED_OBJC_IMPLEMENTATIONS = YES;
				CLANG_WARN_DIRECT_OBJC_ISA_USAGE = YES_ERROR;
				CLANG_WARN_DOCUMENTATION_COMMENTS = YES;
				CLANG_WARN_EMPTY_BODY = YES;
				CLANG_WARN_ENUM_CONVERSION = YES;
				CLANG_WARN_INFINITE_RECURSION = YES;
				CLANG_WARN_INT_CONVERSION = YES;
				CLANG_WARN_NON_LITERAL_NULL_CONVERSION = YES;
				CLANG_WARN_OBJC_IMPLICIT_RETAIN_SELF = YES;
				CLANG_WARN_OBJC_LITERAL_CONVERSION = YES;
				CLANG_WARN_OBJC_ROOT_CLASS = YES_ERROR;
				CLANG_WARN_RANGE_LOOP_ANALYSIS = YES;
				CLANG_WARN_STRICT_PROTOTYPES = YES;
				CLANG_WARN_SUSPICIOUS_MOVE = YES;
				CLANG_WARN_UNGUARDED_AVAILABILITY = YES_AGGRESSIVE;
				CLANG_WARN_UNREACHABLE_CODE = YES;
				CLANG_WARN__DUPLICATE_METHOD_MATCH = YES;
				COPY_PHASE_STRIP = NO;
				DEBUG_INFORMATION_FORMAT = "dwarf-with-dsym";
				ENABLE_NS_ASSERTIONS = NO;
				ENABLE_STRICT_OBJC_MSGSEND = YES;
				GCC_C_LANGUAGE_STANDARD = gnu11;
				GCC_NO_COMMON_BLOCKS = YES;
				GCC_WARN_64_TO_32_BIT_CONVERSION = YES;
				GCC_WARN_ABOUT_RETURN_TYPE = YES_ERROR;
				GCC_WARN_UNDECLARED_SELECTOR = YES;
				GCC_WARN_UNINITIALIZED_AUTOS = YES_AGGRESSIVE;
				GCC_WARN_UNUSED_FUNCTION = YES;
				GCC_WARN_UNUSED_VARIABLE = YES;
				MTL_ENABLE_DEBUG_INFO = NO;
				SDKROOT = appletvos;
				SWIFT_COMPILATION_MODE = wholemodule;
				SWIFT_OPTIMIZATION_LEVEL = "-O";
				TVOS_DEPLOYMENT_TARGET = 11.4;
				VALIDATE_PRODUCT = YES;
			};
			name = Release;
		};
		53C3AC7F214D580D00EF0AB3 /* Debug */ = {
			isa = XCBuildConfiguration;
			baseConfigurationReference = E7688E46A5947BC20592BF63 /* Pods-CryptoCurrency.debug.xcconfig */;
			buildSettings = {
				ASSETCATALOG_COMPILER_APPICON_NAME = "App Icon & Top Shelf Image";
				ASSETCATALOG_COMPILER_LAUNCHIMAGE_NAME = LaunchImage;
				CODE_SIGN_STYLE = Automatic;
				DEVELOPMENT_TEAM = Q82T83J4K6;
				INFOPLIST_FILE = CryptoCurrency/Info.plist;
				LD_RUNPATH_SEARCH_PATHS = (
					"$(inherited)",
					"@executable_path/Frameworks",
				);
				PRODUCT_BUNDLE_IDENTIFIER = com.pihrit.CryptoCurrency;
				PRODUCT_NAME = "$(TARGET_NAME)";
				SWIFT_VERSION = 4.2;
				TARGETED_DEVICE_FAMILY = 3;
				TVOS_DEPLOYMENT_TARGET = 12.0;
			};
			name = Debug;
		};
		53C3AC80214D580D00EF0AB3 /* Release */ = {
			isa = XCBuildConfiguration;
			baseConfigurationReference = 30E373DFC7E1B200C60FFC42 /* Pods-CryptoCurrency.release.xcconfig */;
			buildSettings = {
				ASSETCATALOG_COMPILER_APPICON_NAME = "App Icon & Top Shelf Image";
				ASSETCATALOG_COMPILER_LAUNCHIMAGE_NAME = LaunchImage;
				CODE_SIGN_STYLE = Automatic;
				DEVELOPMENT_TEAM = Q82T83J4K6;
				INFOPLIST_FILE = CryptoCurrency/Info.plist;
				LD_RUNPATH_SEARCH_PATHS = (
					"$(inherited)",
					"@executable_path/Frameworks",
				);
				PRODUCT_BUNDLE_IDENTIFIER = com.pihrit.CryptoCurrency;
				PRODUCT_NAME = "$(TARGET_NAME)";
				SWIFT_VERSION = 4.2;
				TARGETED_DEVICE_FAMILY = 3;
				TVOS_DEPLOYMENT_TARGET = 12.0;
			};
			name = Release;
		};
/* End XCBuildConfiguration section */

/* Begin XCConfigurationList section */
		53C3AC6A214D580800EF0AB3 /* Build configuration list for PBXProject "CryptoCurrency" */ = {
			isa = XCConfigurationList;
			buildConfigurations = (
				53C3AC7C214D580D00EF0AB3 /* Debug */,
				53C3AC7D214D580D00EF0AB3 /* Release */,
			);
			defaultConfigurationIsVisible = 0;
			defaultConfigurationName = Release;
		};
		53C3AC7E214D580D00EF0AB3 /* Build configuration list for PBXNativeTarget "CryptoCurrency" */ = {
			isa = XCConfigurationList;
			buildConfigurations = (
				53C3AC7F214D580D00EF0AB3 /* Debug */,
				53C3AC80214D580D00EF0AB3 /* Release */,
			);
			defaultConfigurationIsVisible = 0;
			defaultConfigurationName = Release;
		};
/* End XCConfigurationList section */
	};
	rootObject = 53C3AC67214D580800EF0AB3 /* Project object */;
}
